
Microsoft Visual Studio Solution File, Format Version 12.00
# Visual Studio Version 17
VisualStudioVersion = 17.1.32228.430
MinimumVisualStudioVersion = 10.0.40219.1
Project("{FAE04EC0-301F-11D3-BF4B-00C04F79EFBC}") = "ImageFilters", "ImageFilters\ImageFilters.csproj", "{DCCBC45E-1B3E-48A2-819C-074EA7C21209}"
EndProject
Project("{FAE04EC0-301F-11D3-BF4B-00C04F79EFBC}") = "ImageFilters.DB", "ImageFilters.DB\ImageFilters.DB.csproj", "{05EF1D05-562C-4272-8313-594A05FFBE58}"
EndProject
Project("{FAE04EC0-301F-11D3-BF4B-00C04F79EFBC}") = "ImageFilters.Repository", "ImageFilters.Repository\ImageFilters.Repository.csproj", "{62C54F4F-2759-458A-99DA-49939C902C80}"
EndProject
Project("{FAE04EC0-301F-11D3-BF4B-00C04F79EFBC}") = "ImageFilters.Services", "ImageFilters.Services\ImageFilters.Services.csproj", "{644D22CF-D896-4D1A-B837-1A6B8283EF99}"
EndProject
Project("{FAE04EC0-301F-11D3-BF4B-00C04F79EFBC}") = "ImageFilters.UnitOfWork", "ImageFilters.UnitOfWork\ImageFilters.UnitOfWork.csproj", "{5CDC01CB-5561-408B-B702-6F57C28C0C45}"
EndProject
Global
	GlobalSection(SolutionConfigurationPlatforms) = preSolution
		Debug|Any CPU = Debug|Any CPU
		Release|Any CPU = Release|Any CPU
	EndGlobalSection
	GlobalSection(ProjectConfigurationPlatforms) = postSolution
		{DCCBC45E-1B3E-48A2-819C-074EA7C21209}.Debug|Any CPU.ActiveCfg = Debug|Any CPU
		{DCCBC45E-1B3E-48A2-819C-074EA7C21209}.Debug|Any CPU.Build.0 = Debug|Any CPU
		{DCCBC45E-1B3E-48A2-819C-074EA7C21209}.Release|Any CPU.ActiveCfg = Release|Any CPU
		{DCCBC45E-1B3E-48A2-819C-074EA7C21209}.Release|Any CPU.Build.0 = Release|Any CPU
		{05EF1D05-562C-4272-8313-594A05FFBE58}.Debug|Any CPU.ActiveCfg = Debug|Any CPU
		{05EF1D05-562C-4272-8313-594A05FFBE58}.Debug|Any CPU.Build.0 = Debug|Any CPU
		{05EF1D05-562C-4272-8313-594A05FFBE58}.Release|Any CPU.ActiveCfg = Release|Any CPU
		{05EF1D05-562C-4272-8313-594A05FFBE58}.Release|Any CPU.Build.0 = Release|Any CPU
		{62C54F4F-2759-458A-99DA-49939C902C80}.Debug|Any CPU.ActiveCfg = Debug|Any CPU
		{62C54F4F-2759-458A-99DA-49939C902C80}.Debug|Any CPU.Build.0 = Debug|Any CPU
		{62C54F4F-2759-458A-99DA-49939C902C80}.Release|Any CPU.ActiveCfg = Release|Any CPU
		{62C54F4F-2759-458A-99DA-49939C902C80}.Release|Any CPU.Build.0 = Release|Any CPU
		{644D22CF-D896-4D1A-B837-1A6B8283EF99}.Debug|Any CPU.ActiveCfg = Debug|Any CPU
		{644D22CF-D896-4D1A-B837-1A6B8283EF99}.Debug|Any CPU.Build.0 = Debug|Any CPU
		{644D22CF-D896-4D1A-B837-1A6B8283EF99}.Release|Any CPU.ActiveCfg = Release|Any CPU
		{644D22CF-D896-4D1A-B837-1A6B8283EF99}.Release|Any CPU.Build.0 = Release|Any CPU
		{5CDC01CB-5561-408B-B702-6F57C28C0C45}.Debug|Any CPU.ActiveCfg = Debug|Any CPU
		{5CDC01CB-5561-408B-B702-6F57C28C0C45}.Debug|Any CPU.Build.0 = Debug|Any CPU
		{5CDC01CB-5561-408B-B702-6F57C28C0C45}.Release|Any CPU.ActiveCfg = Release|Any CPU
		{5CDC01CB-5561-408B-B702-6F57C28C0C45}.Release|Any CPU.Build.0 = Release|Any CPU
	EndGlobalSection
	GlobalSection(SolutionProperties) = preSolution
		HideSolutionNode = FALSE
	EndGlobalSection
	GlobalSection(ExtensibilityGlobals) = postSolution
		SolutionGuid = {111E6585-A59B-47C0-A155-66010493347E}
	EndGlobalSection
EndGlobal
